
Microsoft Visual Studio Solution File, Format Version 12.00
# Visual Studio Version 17
VisualStudioVersion = 17.7.34003.232
MinimumVisualStudioVersion = 10.0.40219.1
Project("{9A19103F-16F7-4668-BE54-9A1E7A4F7556}") = "EloSwissMatchMaking", "EloSwissMatchMaking\EloSwissMatchMaking.csproj", "{DB581657-A2F6-4869-BA01-BD1E9F0BAFE9}"
EndProject
Project("{2150E333-8FDC-42A3-9474-1A3956D46DE8}") = "Solution Items", "Solution Items", "{B5549CC3-02BF-4BBA-B959-DFE5876891A7}"
	ProjectSection(SolutionItems) = preProject
		.editorconfig = .editorconfig
	EndProjectSection
EndProject
Global
	GlobalSection(SolutionConfigurationPlatforms) = preSolution
		Debug|Any CPU = Debug|Any CPU
		Release|Any CPU = Release|Any CPU
	EndGlobalSection
	GlobalSection(ProjectConfigurationPlatforms) = postSolution
		{DB581657-A2F6-4869-BA01-BD1E9F0BAFE9}.Debug|Any CPU.ActiveCfg = Debug|Any CPU
		{DB581657-A2F6-4869-BA01-BD1E9F0BAFE9}.Debug|Any CPU.Build.0 = Debug|Any CPU
		{DB581657-A2F6-4869-BA01-BD1E9F0BAFE9}.Release|Any CPU.ActiveCfg = Release|Any CPU
		{DB581657-A2F6-4869-BA01-BD1E9F0BAFE9}.Release|Any CPU.Build.0 = Release|Any CPU
	EndGlobalSection
	GlobalSection(SolutionProperties) = preSolution
		HideSolutionNode = FALSE
	EndGlobalSection
	GlobalSection(ExtensibilityGlobals) = postSolution
		SolutionGuid = {0AF1255E-CCF3-4431-B29A-1C3BC1F5CFCD}
	EndGlobalSection
EndGlobal
